# This file was autogenerated by Stack.
# You should not edit this file by hand.
# For more information, please see the documentation at:
#   https://docs.haskellstack.org/en/stable/lock_files

packages:
- completed:
    commit: c624b8d13e8037c9c917f77b659802fee020415a
    git: https://github.com/portnov/libssh2-hs.git
    name: libssh2
    pantry-tree:
      sha256: e6731de1c2583292501600050291f3932a7050a1f6e4a79b5f980bc014a2e27a
      size: 948
    subdir: libssh2
    version: 0.2.0.9
  original:
    commit: c624b8d13e8037c9c917f77b659802fee020415a
    git: https://github.com/portnov/libssh2-hs.git
    subdir: libssh2
snapshots:
- completed:
    sha256: 6c5aeace2ca5ecde793a9e0acfaa730ec8f384aa2f6183a2a252f5f9ec55d623
    size: 720039
    url: https://raw.githubusercontent.com/commercialhaskell/stackage-snapshots/master/lts/22/39.yaml
  original: lts-22.39
